
Microsoft Visual Studio Solution File, Format Version 12.00
# Visual Studio Version 17
VisualStudioVersion = 17.0.31611.283
MinimumVisualStudioVersion = 10.0.40219.1
Project("{9A19103F-16F7-4668-BE54-9A1E7A4F7556}") = "LearnMauiProject", "LearnMauiProject\LearnMauiProject.csproj", "{B20208F2-15D2-48D6-BFBA-FFBBE5D92B4A}"
EndProject
Project("{2150E333-8FDC-42A3-9474-1A3956D46DE8}") = "App01", "App01", "{469F8DC8-D761-42AF-A377-07BA126C192B}"
EndProject
Global
	GlobalSection(SolutionConfigurationPlatforms) = preSolution
		Debug|Any CPU = Debug|Any CPU
		Release|Any CPU = Release|Any CPU
	EndGlobalSection
	GlobalSection(ProjectConfigurationPlatforms) = postSolution
		{B20208F2-15D2-48D6-BFBA-FFBBE5D92B4A}.Debug|Any CPU.ActiveCfg = Debug|Any CPU
		{B20208F2-15D2-48D6-BFBA-FFBBE5D92B4A}.Debug|Any CPU.Build.0 = Debug|Any CPU
		{B20208F2-15D2-48D6-BFBA-FFBBE5D92B4A}.Debug|Any CPU.Deploy.0 = Debug|Any CPU
		{B20208F2-15D2-48D6-BFBA-FFBBE5D92B4A}.Release|Any CPU.ActiveCfg = Release|Any CPU
		{B20208F2-15D2-48D6-BFBA-FFBBE5D92B4A}.Release|Any CPU.Build.0 = Release|Any CPU
		{B20208F2-15D2-48D6-BFBA-FFBBE5D92B4A}.Release|Any CPU.Deploy.0 = Release|Any CPU
	EndGlobalSection
	GlobalSection(SolutionProperties) = preSolution
		HideSolutionNode = FALSE
	EndGlobalSection
	GlobalSection(NestedProjects) = preSolution
		{B20208F2-15D2-48D6-BFBA-FFBBE5D92B4A} = {469F8DC8-D761-42AF-A377-07BA126C192B}
	EndGlobalSection
	GlobalSection(ExtensibilityGlobals) = postSolution
		SolutionGuid = {61F7FB11-1E47-470C-91E2-47F8143E1572}
	EndGlobalSection
EndGlobal
